
Microsoft Visual Studio Solution File, Format Version 12.00
# Visual Studio Version 16
VisualStudioVersion = 16.0.31129.286
MinimumVisualStudioVersion = 10.0.40219.1
Project("{9A19103F-16F7-4668-BE54-9A1E7A4F7556}") = "CovidTracker", "WebApp\CovidTracker.csproj", "{80FBE6E7-660D-42C3-B403-CA3553505A2D}"
EndProject
Project("{00D1A9C2-B5F0-4AF3-8072-F6C62B433612}") = "Database", "Database\Database.sqlproj", "{2D573526-2EA2-4107-B482-AE6E80587C09}"
EndProject
Global
	GlobalSection(SolutionConfigurationPlatforms) = preSolution
		Debug|Any CPU = Debug|Any CPU
		Release|Any CPU = Release|Any CPU
	EndGlobalSection
	GlobalSection(ProjectConfigurationPlatforms) = postSolution
		{80FBE6E7-660D-42C3-B403-CA3553505A2D}.Debug|Any CPU.ActiveCfg = Debug|Any CPU
		{80FBE6E7-660D-42C3-B403-CA3553505A2D}.Debug|Any CPU.Build.0 = Debug|Any CPU
		{80FBE6E7-660D-42C3-B403-CA3553505A2D}.Release|Any CPU.ActiveCfg = Release|Any CPU
		{80FBE6E7-660D-42C3-B403-CA3553505A2D}.Release|Any CPU.Build.0 = Release|Any CPU
		{2D573526-2EA2-4107-B482-AE6E80587C09}.Debug|Any CPU.ActiveCfg = Debug|Any CPU
		{2D573526-2EA2-4107-B482-AE6E80587C09}.Debug|Any CPU.Build.0 = Debug|Any CPU
		{2D573526-2EA2-4107-B482-AE6E80587C09}.Debug|Any CPU.Deploy.0 = Debug|Any CPU
		{2D573526-2EA2-4107-B482-AE6E80587C09}.Release|Any CPU.ActiveCfg = Release|Any CPU
		{2D573526-2EA2-4107-B482-AE6E80587C09}.Release|Any CPU.Build.0 = Release|Any CPU
		{2D573526-2EA2-4107-B482-AE6E80587C09}.Release|Any CPU.Deploy.0 = Release|Any CPU
	EndGlobalSection
	GlobalSection(SolutionProperties) = preSolution
		HideSolutionNode = FALSE
	EndGlobalSection
	GlobalSection(ExtensibilityGlobals) = postSolution
		SolutionGuid = {0B33730C-A1B2-4281-9825-2464F44A3B9B}
	EndGlobalSection
EndGlobal
